
Microsoft Visual Studio Solution File, Format Version 12.00
# Visual Studio 2012
Project("{8BC9CEB8-8B4A-11D0-8D11-00A0C91BC942}") = "combinari rec", "combinari rec\combinari rec.vcxproj", "{C4CAF575-B27E-4781-B888-BFDF535F37F0}"
EndProject
Global
	GlobalSection(SolutionConfigurationPlatforms) = preSolution
		Debug|Win32 = Debug|Win32
		Release|Win32 = Release|Win32
	EndGlobalSection
	GlobalSection(ProjectConfigurationPlatforms) = postSolution
		{C4CAF575-B27E-4781-B888-BFDF535F37F0}.Debug|Win32.ActiveCfg = Debug|Win32
		{C4CAF575-B27E-4781-B888-BFDF535F37F0}.Debug|Win32.Build.0 = Debug|Win32
		{C4CAF575-B27E-4781-B888-BFDF535F37F0}.Release|Win32.ActiveCfg = Release|Win32
		{C4CAF575-B27E-4781-B888-BFDF535F37F0}.Release|Win32.Build.0 = Release|Win32
	EndGlobalSection
	GlobalSection(SolutionProperties) = preSolution
		HideSolutionNode = FALSE
	EndGlobalSection
EndGlobal
